
Microsoft Visual Studio Solution File, Format Version 12.00
# Visual Studio 2013
VisualStudioVersion = 12.0.40629.0
MinimumVisualStudioVersion = 10.0.40219.1
Project("{FAE04EC0-301F-11D3-BF4B-00C04F79EFBC}") = "JFine.Web", "JFine.Web\JFine.Web.csproj", "{0E3E4D64-46DD-4248-857E-B4A8A9755F46}"
EndProject
Project("{2150E333-8FDC-42A3-9474-1A3956D46DE8}") = "0 Libraries第三方类库", "0 Libraries第三方类库", "{FABCCAEE-08CD-496F-84FA-E2474E2AB4D5}"
EndProject
Project("{2150E333-8FDC-42A3-9474-1A3956D46DE8}") = "1 Plugins 插件库", "1 Plugins 插件库", "{98B499F2-2F72-4B6F-BAA9-80686DE9BF1F}"
EndProject
Project("{2150E333-8FDC-42A3-9474-1A3956D46DE8}") = "2 Presentation 表现层", "2 Presentation 表现层", "{9CD4B1C2-0C30-4C7C-9523-5DD11955518C}"
EndProject
Project("{2150E333-8FDC-42A3-9474-1A3956D46DE8}") = "Weixin", "Weixin", "{A4BC7EA9-867E-4F51-A34A-CEEC295FCC84}"
EndProject
Project("{FAE04EC0-301F-11D3-BF4B-00C04F79EFBC}") = "Senparc.Weixin", "Senparc.Weixin\Senparc.Weixin\Senparc.Weixin.csproj", "{814092CD-9CD0-4FB7-91E8-D147F476F1FB}"
EndProject
Project("{FAE04EC0-301F-11D3-BF4B-00C04F79EFBC}") = "Senparc.Weixin.MP", "Senparc.Weixin.MP\Senparc.Weixin.MP\Senparc.Weixin.MP.csproj", "{1D815FBF-451C-4E23-939C-CB80172F445C}"
EndProject
Project("{FAE04EC0-301F-11D3-BF4B-00C04F79EFBC}") = "Senparc.Weixin.Open", "Senparc.Weixin.Open\Senparc.Weixin.Open\Senparc.Weixin.Open.csproj", "{54732C3D-B673-4BBF-B0C3-6432E3D6F522}"
EndProject
Project("{FAE04EC0-301F-11D3-BF4B-00C04F79EFBC}") = "Senparc.Weixin.QY", "Senparc.Weixin.QY\Senparc.Weixin.QY\Senparc.Weixin.QY.csproj", "{2CA35598-F1A1-4DC9-AA20-A4346BFCB954}"
EndProject
Project("{FAE04EC0-301F-11D3-BF4B-00C04F79EFBC}") = "Senparc.Weixin.Work", "Senparc.Weixin.Work\Senparc.Weixin.Work\Senparc.Weixin.Work.csproj", "{CC0EBEC4-7120-4627-A596-C1F2958F3D5E}"
EndProject
Project("{FAE04EC0-301F-11D3-BF4B-00C04F79EFBC}") = "Senparc.Weixin.MP.MvcExtension", "Senparc.Weixin.MP.MvcExtension\Senparc.Weixin.MP.MvcExtension\Senparc.Weixin.MP.MvcExtension.csproj", "{EE8630BC-6191-4C40-9061-12C76342562D}"
EndProject
Project("{FAE04EC0-301F-11D3-BF4B-00C04F79EFBC}") = "JFine.Plugins.Test", "JFine.Plugins.Test\JFine.Plugins.Test.csproj", "{3CBFB37F-B082-44B9-9FC8-B7F4E152406A}"
EndProject
Project("{2150E333-8FDC-42A3-9474-1A3956D46DE8}") = "3 Generator代码生成器", "3 Generator代码生成器", "{DCAA7FC4-FA52-4AD4-B0FC-9AEE1BDC39EF}"
EndProject
Project("{FAE04EC0-301F-11D3-BF4B-00C04F79EFBC}") = "JFine.Generator", "JFine.Generator\JFine.Generator.csproj", "{6300429C-5642-4B98-86AB-794CB57A2FB1}"
EndProject
Project("{2150E333-8FDC-42A3-9474-1A3956D46DE8}") = ".nuget", ".nuget", "{E157439D-19A5-42EE-A487-6731DB0C16B3}"
	ProjectSection(SolutionItems) = preProject
		.nuget\NuGet.Config = .nuget\NuGet.Config
		.nuget\NuGet.exe = .nuget\NuGet.exe
		.nuget\NuGet.targets = .nuget\NuGet.targets
	EndProjectSection
EndProject
Project("{FAE04EC0-301F-11D3-BF4B-00C04F79EFBC}") = "JFine.Plugins.IOT", "JFine.Plugins.IOT\JFine.Plugins.IOT.csproj", "{5445A3C7-D6E2-4AF9-ACFE-2EA8E6322A2A}"
EndProject
Project("{FAE04EC0-301F-11D3-BF4B-00C04F79EFBC}") = "JFine.Plugins.VMW", "JFine.Plugins.VMW\JFine.Plugins.VMW.csproj", "{3834D672-32A6-498F-A329-4D2164523ED7}"
EndProject
Global
	GlobalSection(SubversionScc) = preSolution
		Svn-Managed = True
		Manager = AnkhSVN - Subversion Support for Visual Studio
	EndGlobalSection
	GlobalSection(SolutionConfigurationPlatforms) = preSolution
		Debug|Any CPU = Debug|Any CPU
		Debug|x86 = Debug|x86
		Release|Any CPU = Release|Any CPU
		Release|x86 = Release|x86
		Test|Any CPU = Test|Any CPU
		Test|x86 = Test|x86
	EndGlobalSection
	GlobalSection(ProjectConfigurationPlatforms) = postSolution
		{0E3E4D64-46DD-4248-857E-B4A8A9755F46}.Debug|Any CPU.ActiveCfg = Debug|Any CPU
		{0E3E4D64-46DD-4248-857E-B4A8A9755F46}.Debug|Any CPU.Build.0 = Debug|Any CPU
		{0E3E4D64-46DD-4248-857E-B4A8A9755F46}.Debug|x86.ActiveCfg = Debug|Any CPU
		{0E3E4D64-46DD-4248-857E-B4A8A9755F46}.Release|Any CPU.ActiveCfg = Release|Any CPU
		{0E3E4D64-46DD-4248-857E-B4A8A9755F46}.Release|Any CPU.Build.0 = Release|Any CPU
		{0E3E4D64-46DD-4248-857E-B4A8A9755F46}.Release|x86.ActiveCfg = Release|Any CPU
		{0E3E4D64-46DD-4248-857E-B4A8A9755F46}.Test|Any CPU.ActiveCfg = Release|Any CPU
		{0E3E4D64-46DD-4248-857E-B4A8A9755F46}.Test|Any CPU.Build.0 = Release|Any CPU
		{0E3E4D64-46DD-4248-857E-B4A8A9755F46}.Test|x86.ActiveCfg = Release|Any CPU
		{814092CD-9CD0-4FB7-91E8-D147F476F1FB}.Debug|Any CPU.ActiveCfg = Debug|Any CPU
		{814092CD-9CD0-4FB7-91E8-D147F476F1FB}.Debug|Any CPU.Build.0 = Debug|Any CPU
		{814092CD-9CD0-4FB7-91E8-D147F476F1FB}.Debug|x86.ActiveCfg = Debug|x86
		{814092CD-9CD0-4FB7-91E8-D147F476F1FB}.Debug|x86.Build.0 = Debug|x86
		{814092CD-9CD0-4FB7-91E8-D147F476F1FB}.Release|Any CPU.ActiveCfg = Release|Any CPU
		{814092CD-9CD0-4FB7-91E8-D147F476F1FB}.Release|Any CPU.Build.0 = Release|Any CPU
		{814092CD-9CD0-4FB7-91E8-D147F476F1FB}.Release|x86.ActiveCfg = Release|x86
		{814092CD-9CD0-4FB7-91E8-D147F476F1FB}.Release|x86.Build.0 = Release|x86
		{814092CD-9CD0-4FB7-91E8-D147F476F1FB}.Test|Any CPU.ActiveCfg = Test|Any CPU
		{814092CD-9CD0-4FB7-91E8-D147F476F1FB}.Test|Any CPU.Build.0 = Test|Any CPU
		{814092CD-9CD0-4FB7-91E8-D147F476F1FB}.Test|x86.ActiveCfg = Test|x86
		{814092CD-9CD0-4FB7-91E8-D147F476F1FB}.Test|x86.Build.0 = Test|x86
		{1D815FBF-451C-4E23-939C-CB80172F445C}.Debug|Any CPU.ActiveCfg = Debug|Any CPU
		{1D815FBF-451C-4E23-939C-CB80172F445C}.Debug|Any CPU.Build.0 = Debug|Any CPU
		{1D815FBF-451C-4E23-939C-CB80172F445C}.Debug|x86.ActiveCfg = Debug|x86
		{1D815FBF-451C-4E23-939C-CB80172F445C}.Debug|x86.Build.0 = Debug|x86
		{1D815FBF-451C-4E23-939C-CB80172F445C}.Release|Any CPU.ActiveCfg = Release|Any CPU
		{1D815FBF-451C-4E23-939C-CB80172F445C}.Release|Any CPU.Build.0 = Release|Any CPU
		{1D815FBF-451C-4E23-939C-CB80172F445C}.Release|x86.ActiveCfg = Release|x86
		{1D815FBF-451C-4E23-939C-CB80172F445C}.Release|x86.Build.0 = Release|x86
		{1D815FBF-451C-4E23-939C-CB80172F445C}.Test|Any CPU.ActiveCfg = Release|Any CPU
		{1D815FBF-451C-4E23-939C-CB80172F445C}.Test|Any CPU.Build.0 = Release|Any CPU
		{1D815FBF-451C-4E23-939C-CB80172F445C}.Test|x86.ActiveCfg = Release|x86
		{1D815FBF-451C-4E23-939C-CB80172F445C}.Test|x86.Build.0 = Release|x86
		{54732C3D-B673-4BBF-B0C3-6432E3D6F522}.Debug|Any CPU.ActiveCfg = Debug|Any CPU
		{54732C3D-B673-4BBF-B0C3-6432E3D6F522}.Debug|Any CPU.Build.0 = Debug|Any CPU
		{54732C3D-B673-4BBF-B0C3-6432E3D6F522}.Debug|x86.ActiveCfg = Debug|x86
		{54732C3D-B673-4BBF-B0C3-6432E3D6F522}.Debug|x86.Build.0 = Debug|x86
		{54732C3D-B673-4BBF-B0C3-6432E3D6F522}.Release|Any CPU.ActiveCfg = Release|Any CPU
		{54732C3D-B673-4BBF-B0C3-6432E3D6F522}.Release|Any CPU.Build.0 = Release|Any CPU
		{54732C3D-B673-4BBF-B0C3-6432E3D6F522}.Release|x86.ActiveCfg = Release|x86
		{54732C3D-B673-4BBF-B0C3-6432E3D6F522}.Release|x86.Build.0 = Release|x86
		{54732C3D-B673-4BBF-B0C3-6432E3D6F522}.Test|Any CPU.ActiveCfg = Release|Any CPU
		{54732C3D-B673-4BBF-B0C3-6432E3D6F522}.Test|Any CPU.Build.0 = Release|Any CPU
		{54732C3D-B673-4BBF-B0C3-6432E3D6F522}.Test|x86.ActiveCfg = Release|x86
		{54732C3D-B673-4BBF-B0C3-6432E3D6F522}.Test|x86.Build.0 = Release|x86
		{2CA35598-F1A1-4DC9-AA20-A4346BFCB954}.Debug|Any CPU.ActiveCfg = Debug|Any CPU
		{2CA35598-F1A1-4DC9-AA20-A4346BFCB954}.Debug|Any CPU.Build.0 = Debug|Any CPU
		{2CA35598-F1A1-4DC9-AA20-A4346BFCB954}.Debug|x86.ActiveCfg = Debug|x86
		{2CA35598-F1A1-4DC9-AA20-A4346BFCB954}.Debug|x86.Build.0 = Debug|x86
		{2CA35598-F1A1-4DC9-AA20-A4346BFCB954}.Release|Any CPU.ActiveCfg = Release|Any CPU
		{2CA35598-F1A1-4DC9-AA20-A4346BFCB954}.Release|Any CPU.Build.0 = Release|Any CPU
		{2CA35598-F1A1-4DC9-AA20-A4346BFCB954}.Release|x86.ActiveCfg = Release|x86
		{2CA35598-F1A1-4DC9-AA20-A4346BFCB954}.Release|x86.Build.0 = Release|x86
		{2CA35598-F1A1-4DC9-AA20-A4346BFCB954}.Test|Any CPU.ActiveCfg = Test|Any CPU
		{2CA35598-F1A1-4DC9-AA20-A4346BFCB954}.Test|Any CPU.Build.0 = Test|Any CPU
		{2CA35598-F1A1-4DC9-AA20-A4346BFCB954}.Test|x86.ActiveCfg = Test|x86
		{2CA35598-F1A1-4DC9-AA20-A4346BFCB954}.Test|x86.Build.0 = Test|x86
		{CC0EBEC4-7120-4627-A596-C1F2958F3D5E}.Debug|Any CPU.ActiveCfg = Debug|Any CPU
		{CC0EBEC4-7120-4627-A596-C1F2958F3D5E}.Debug|Any CPU.Build.0 = Debug|Any CPU
		{CC0EBEC4-7120-4627-A596-C1F2958F3D5E}.Debug|x86.ActiveCfg = Debug|x86
		{CC0EBEC4-7120-4627-A596-C1F2958F3D5E}.Debug|x86.Build.0 = Debug|x86
		{CC0EBEC4-7120-4627-A596-C1F2958F3D5E}.Release|Any CPU.ActiveCfg = Release|Any CPU
		{CC0EBEC4-7120-4627-A596-C1F2958F3D5E}.Release|Any CPU.Build.0 = Release|Any CPU
		{CC0EBEC4-7120-4627-A596-C1F2958F3D5E}.Release|x86.ActiveCfg = Release|x86
		{CC0EBEC4-7120-4627-A596-C1F2958F3D5E}.Release|x86.Build.0 = Release|x86
		{CC0EBEC4-7120-4627-A596-C1F2958F3D5E}.Test|Any CPU.ActiveCfg = Release|Any CPU
		{CC0EBEC4-7120-4627-A596-C1F2958F3D5E}.Test|Any CPU.Build.0 = Release|Any CPU
		{CC0EBEC4-7120-4627-A596-C1F2958F3D5E}.Test|x86.ActiveCfg = Release|x86
		{CC0EBEC4-7120-4627-A596-C1F2958F3D5E}.Test|x86.Build.0 = Release|x86
		{EE8630BC-6191-4C40-9061-12C76342562D}.Debug|Any CPU.ActiveCfg = Debug|Any CPU
		{EE8630BC-6191-4C40-9061-12C76342562D}.Debug|Any CPU.Build.0 = Debug|Any CPU
		{EE8630BC-6191-4C40-9061-12C76342562D}.Debug|x86.ActiveCfg = Debug|x86
		{EE8630BC-6191-4C40-9061-12C76342562D}.Debug|x86.Build.0 = Debug|x86
		{EE8630BC-6191-4C40-9061-12C76342562D}.Release|Any CPU.ActiveCfg = Release|Any CPU
		{EE8630BC-6191-4C40-9061-12C76342562D}.Release|Any CPU.Build.0 = Release|Any CPU
		{EE8630BC-6191-4C40-9061-12C76342562D}.Release|x86.ActiveCfg = Release|x86
		{EE8630BC-6191-4C40-9061-12C76342562D}.Release|x86.Build.0 = Release|x86
		{EE8630BC-6191-4C40-9061-12C76342562D}.Test|Any CPU.ActiveCfg = Release|Any CPU
		{EE8630BC-6191-4C40-9061-12C76342562D}.Test|Any CPU.Build.0 = Release|Any CPU
		{EE8630BC-6191-4C40-9061-12C76342562D}.Test|x86.ActiveCfg = Release|x86
		{EE8630BC-6191-4C40-9061-12C76342562D}.Test|x86.Build.0 = Release|x86
		{3CBFB37F-B082-44B9-9FC8-B7F4E152406A}.Debug|Any CPU.ActiveCfg = Debug|Any CPU
		{3CBFB37F-B082-44B9-9FC8-B7F4E152406A}.Debug|Any CPU.Build.0 = Debug|Any CPU
		{3CBFB37F-B082-44B9-9FC8-B7F4E152406A}.Debug|x86.ActiveCfg = Debug|Any CPU
		{3CBFB37F-B082-44B9-9FC8-B7F4E152406A}.Release|Any CPU.ActiveCfg = Release|Any CPU
		{3CBFB37F-B082-44B9-9FC8-B7F4E152406A}.Release|Any CPU.Build.0 = Release|Any CPU
		{3CBFB37F-B082-44B9-9FC8-B7F4E152406A}.Release|x86.ActiveCfg = Release|Any CPU
		{3CBFB37F-B082-44B9-9FC8-B7F4E152406A}.Test|Any CPU.ActiveCfg = Release|Any CPU
		{3CBFB37F-B082-44B9-9FC8-B7F4E152406A}.Test|Any CPU.Build.0 = Release|Any CPU
		{3CBFB37F-B082-44B9-9FC8-B7F4E152406A}.Test|x86.ActiveCfg = Release|Any CPU
		{6300429C-5642-4B98-86AB-794CB57A2FB1}.Debug|Any CPU.ActiveCfg = Debug|Any CPU
		{6300429C-5642-4B98-86AB-794CB57A2FB1}.Debug|Any CPU.Build.0 = Debug|Any CPU
		{6300429C-5642-4B98-86AB-794CB57A2FB1}.Debug|x86.ActiveCfg = Debug|Any CPU
		{6300429C-5642-4B98-86AB-794CB57A2FB1}.Release|Any CPU.ActiveCfg = Release|Any CPU
		{6300429C-5642-4B98-86AB-794CB57A2FB1}.Release|Any CPU.Build.0 = Release|Any CPU
		{6300429C-5642-4B98-86AB-794CB57A2FB1}.Release|x86.ActiveCfg = Release|Any CPU
		{6300429C-5642-4B98-86AB-794CB57A2FB1}.Test|Any CPU.ActiveCfg = Release|Any CPU
		{6300429C-5642-4B98-86AB-794CB57A2FB1}.Test|Any CPU.Build.0 = Release|Any CPU
		{6300429C-5642-4B98-86AB-794CB57A2FB1}.Test|x86.ActiveCfg = Release|Any CPU
		{5445A3C7-D6E2-4AF9-ACFE-2EA8E6322A2A}.Debug|Any CPU.ActiveCfg = Debug|Any CPU
		{5445A3C7-D6E2-4AF9-ACFE-2EA8E6322A2A}.Debug|Any CPU.Build.0 = Debug|Any CPU
		{5445A3C7-D6E2-4AF9-ACFE-2EA8E6322A2A}.Debug|x86.ActiveCfg = Debug|Any CPU
		{5445A3C7-D6E2-4AF9-ACFE-2EA8E6322A2A}.Release|Any CPU.ActiveCfg = Release|Any CPU
		{5445A3C7-D6E2-4AF9-ACFE-2EA8E6322A2A}.Release|Any CPU.Build.0 = Release|Any CPU
		{5445A3C7-D6E2-4AF9-ACFE-2EA8E6322A2A}.Release|x86.ActiveCfg = Release|Any CPU
		{5445A3C7-D6E2-4AF9-ACFE-2EA8E6322A2A}.Test|Any CPU.ActiveCfg = Release|Any CPU
		{5445A3C7-D6E2-4AF9-ACFE-2EA8E6322A2A}.Test|Any CPU.Build.0 = Release|Any CPU
		{5445A3C7-D6E2-4AF9-ACFE-2EA8E6322A2A}.Test|x86.ActiveCfg = Release|Any CPU
		{3834D672-32A6-498F-A329-4D2164523ED7}.Debug|Any CPU.ActiveCfg = Debug|Any CPU
		{3834D672-32A6-498F-A329-4D2164523ED7}.Debug|Any CPU.Build.0 = Debug|Any CPU
		{3834D672-32A6-498F-A329-4D2164523ED7}.Debug|x86.ActiveCfg = Debug|Any CPU
		{3834D672-32A6-498F-A329-4D2164523ED7}.Release|Any CPU.ActiveCfg = Release|Any CPU
		{3834D672-32A6-498F-A329-4D2164523ED7}.Release|Any CPU.Build.0 = Release|Any CPU
		{3834D672-32A6-498F-A329-4D2164523ED7}.Release|x86.ActiveCfg = Release|Any CPU
		{3834D672-32A6-498F-A329-4D2164523ED7}.Test|Any CPU.ActiveCfg = Release|Any CPU
		{3834D672-32A6-498F-A329-4D2164523ED7}.Test|Any CPU.Build.0 = Release|Any CPU
		{3834D672-32A6-498F-A329-4D2164523ED7}.Test|x86.ActiveCfg = Release|Any CPU
	EndGlobalSection
	GlobalSection(SolutionProperties) = preSolution
		HideSolutionNode = FALSE
	EndGlobalSection
	GlobalSection(NestedProjects) = preSolution
		{0E3E4D64-46DD-4248-857E-B4A8A9755F46} = {9CD4B1C2-0C30-4C7C-9523-5DD11955518C}
		{A4BC7EA9-867E-4F51-A34A-CEEC295FCC84} = {FABCCAEE-08CD-496F-84FA-E2474E2AB4D5}
		{814092CD-9CD0-4FB7-91E8-D147F476F1FB} = {A4BC7EA9-867E-4F51-A34A-CEEC295FCC84}
		{1D815FBF-451C-4E23-939C-CB80172F445C} = {A4BC7EA9-867E-4F51-A34A-CEEC295FCC84}
		{54732C3D-B673-4BBF-B0C3-6432E3D6F522} = {A4BC7EA9-867E-4F51-A34A-CEEC295FCC84}
		{2CA35598-F1A1-4DC9-AA20-A4346BFCB954} = {A4BC7EA9-867E-4F51-A34A-CEEC295FCC84}
		{CC0EBEC4-7120-4627-A596-C1F2958F3D5E} = {A4BC7EA9-867E-4F51-A34A-CEEC295FCC84}
		{EE8630BC-6191-4C40-9061-12C76342562D} = {A4BC7EA9-867E-4F51-A34A-CEEC295FCC84}
		{3CBFB37F-B082-44B9-9FC8-B7F4E152406A} = {98B499F2-2F72-4B6F-BAA9-80686DE9BF1F}
		{6300429C-5642-4B98-86AB-794CB57A2FB1} = {DCAA7FC4-FA52-4AD4-B0FC-9AEE1BDC39EF}
		{5445A3C7-D6E2-4AF9-ACFE-2EA8E6322A2A} = {98B499F2-2F72-4B6F-BAA9-80686DE9BF1F}
		{3834D672-32A6-498F-A329-4D2164523ED7} = {98B499F2-2F72-4B6F-BAA9-80686DE9BF1F}
	EndGlobalSection
EndGlobal
